
Microsoft Visual Studio Solution File, Format Version 12.00
# Visual Studio Version 17
VisualStudioVersion = 17.9.34728.123
MinimumVisualStudioVersion = 10.0.40219.1
Project("{9A19103F-16F7-4668-BE54-9A1E7A4F7556}") = "Dashboard", "src\Dashboard\Dashboard.csproj", "{7E0883FC-BBB5-439F-B33D-2152444FC5EB}"
EndProject
Global
	GlobalSection(SolutionConfigurationPlatforms) = preSolution
		Debug|Any CPU = Debug|Any CPU
		Release|Any CPU = Release|Any CPU
	EndGlobalSection
	GlobalSection(ProjectConfigurationPlatforms) = postSolution
		{7E0883FC-BBB5-439F-B33D-2152444FC5EB}.Debug|Any CPU.ActiveCfg = Debug|Any CPU
		{7E0883FC-BBB5-439F-B33D-2152444FC5EB}.Debug|Any CPU.Build.0 = Debug|Any CPU
		{7E0883FC-BBB5-439F-B33D-2152444FC5EB}.Release|Any CPU.ActiveCfg = Release|Any CPU
		{7E0883FC-BBB5-439F-B33D-2152444FC5EB}.Release|Any CPU.Build.0 = Release|Any CPU
	EndGlobalSection
	GlobalSection(SolutionProperties) = preSolution
		HideSolutionNode = FALSE
	EndGlobalSection
	GlobalSection(ExtensibilityGlobals) = postSolution
		SolutionGuid = {87B1B61F-181E-4AE7-8965-24F2811F5D20}
	EndGlobalSection
EndGlobal
